
Microsoft Visual Studio Solution File, Format Version 12.00
# Visual Studio Version 17
VisualStudioVersion = 17.0.31903.59
MinimumVisualStudioVersion = 10.0.40219.1
Project("{FAE04EC0-301F-11D3-BF4B-00C04F79EFBC}") = "WebApplication2", "WebApplication2\WebApplication2.csproj", "{CFDBD7FA-C4F1-4A90-A729-834B75351748}"
EndProject
Global
	GlobalSection(SolutionConfigurationPlatforms) = preSolution
		Debug|Any CPU = Debug|Any CPU
		Release|Any CPU = Release|Any CPU
	EndGlobalSection
	GlobalSection(SolutionProperties) = preSolution
		HideSolutionNode = FALSE
	EndGlobalSection
	GlobalSection(ProjectConfigurationPlatforms) = postSolution
		{CFDBD7FA-C4F1-4A90-A729-834B75351748}.Debug|Any CPU.ActiveCfg = Debug|Any CPU
		{CFDBD7FA-C4F1-4A90-A729-834B75351748}.Debug|Any CPU.Build.0 = Debug|Any CPU
		{CFDBD7FA-C4F1-4A90-A729-834B75351748}.Release|Any CPU.ActiveCfg = Release|Any CPU
		{CFDBD7FA-C4F1-4A90-A729-834B75351748}.Release|Any CPU.Build.0 = Release|Any CPU
	EndGlobalSection
EndGlobal
